# THIS IS AN AUTOGENERATED FILE. DO NOT EDIT THIS FILE DIRECTLY.
# yarn lockfile v1


bcrypt-ts@^5.0.3:
  version "5.0.3"
  resolved "https://registry.yarnpkg.com/bcrypt-ts/-/bcrypt-ts-5.0.3.tgz#b28d5d31d159c18c19dcd40047363f60ac984798"
  integrity sha512-2FcgD12xPbwCoe5i9/HK0jJ1xA1m+QfC1e6htG9Bl/hNOnLyaFmQSlqLKcfe3QdnoMPKpKEGFCbESBTg+SJNOw==
